
Microsoft Visual Studio Solution File, Format Version 12.00
# Visual Studio 2012
Project("{FAE04EC0-301F-11D3-BF4B-00C04F79EFBC}") = "Inventory", "Inventory\Inventory.csproj", "{057124E4-929F-412F-B2A5-A407E8AD6AB0}"
EndProject
Global
	GlobalSection(SolutionConfigurationPlatforms) = preSolution
		Debug|Any CPU = Debug|Any CPU
		Release|Any CPU = Release|Any CPU
	EndGlobalSection
	GlobalSection(ProjectConfigurationPlatforms) = postSolution
		{057124E4-929F-412F-B2A5-A407E8AD6AB0}.Debug|Any CPU.ActiveCfg = Debug|Any CPU
		{057124E4-929F-412F-B2A5-A407E8AD6AB0}.Debug|Any CPU.Build.0 = Debug|Any CPU
		{057124E4-929F-412F-B2A5-A407E8AD6AB0}.Release|Any CPU.ActiveCfg = Release|Any CPU
		{057124E4-929F-412F-B2A5-A407E8AD6AB0}.Release|Any CPU.Build.0 = Release|Any CPU
	EndGlobalSection
	GlobalSection(SolutionProperties) = preSolution
		HideSolutionNode = FALSE
	EndGlobalSection
EndGlobal
